# This file is automatically @generated by Cargo.
# It is not intended for manual editing.
version = 3

[[package]]
name = "a013_matematica"
version = "0.1.0"
dependencies = [
 "andre_wronscki_functions",
]

[[package]]
name = "andre_wronscki_functions"
version = "0.1.1"
source = "registry+https://github.com/rust-lang/crates.io-index"
checksum = "d4d4e756e25607a50b4c918a7cbdca055e3bf188f8960e4ecee9d2a55443e83c"
